
Microsoft Visual Studio Solution File, Format Version 12.00
# Visual Studio 15
VisualStudioVersion = 15.0.27130.2036
MinimumVisualStudioVersion = 10.0.40219.1
Project("{8BC9CEB8-8B4A-11D0-8D11-00A0C91BC942}") = "fanPWM", "fanPWM\fanPWM.vcxproj", "{62B412AA-4BDF-4D4C-B816-FA013F7068DD}"
EndProject
Global
	GlobalSection(SolutionConfigurationPlatforms) = preSolution
		Debug|ARM = Debug|ARM
		Debug|x64 = Debug|x64
		Debug|x86 = Debug|x86
		Release|ARM = Release|ARM
		Release|x64 = Release|x64
		Release|x86 = Release|x86
	EndGlobalSection
	GlobalSection(ProjectConfigurationPlatforms) = postSolution
		{62B412AA-4BDF-4D4C-B816-FA013F7068DD}.Debug|ARM.ActiveCfg = Debug|ARM
		{62B412AA-4BDF-4D4C-B816-FA013F7068DD}.Debug|ARM.Build.0 = Debug|ARM
		{62B412AA-4BDF-4D4C-B816-FA013F7068DD}.Debug|x64.ActiveCfg = Debug|x64
		{62B412AA-4BDF-4D4C-B816-FA013F7068DD}.Debug|x64.Build.0 = Debug|x64
		{62B412AA-4BDF-4D4C-B816-FA013F7068DD}.Debug|x86.ActiveCfg = Debug|x86
		{62B412AA-4BDF-4D4C-B816-FA013F7068DD}.Debug|x86.Build.0 = Debug|x86
		{62B412AA-4BDF-4D4C-B816-FA013F7068DD}.Release|ARM.ActiveCfg = Release|ARM
		{62B412AA-4BDF-4D4C-B816-FA013F7068DD}.Release|ARM.Build.0 = Release|ARM
		{62B412AA-4BDF-4D4C-B816-FA013F7068DD}.Release|x64.ActiveCfg = Release|x64
		{62B412AA-4BDF-4D4C-B816-FA013F7068DD}.Release|x64.Build.0 = Release|x64
		{62B412AA-4BDF-4D4C-B816-FA013F7068DD}.Release|x86.ActiveCfg = Release|x86
		{62B412AA-4BDF-4D4C-B816-FA013F7068DD}.Release|x86.Build.0 = Release|x86
	EndGlobalSection
	GlobalSection(SolutionProperties) = preSolution
		HideSolutionNode = FALSE
	EndGlobalSection
	GlobalSection(ExtensibilityGlobals) = postSolution
		SolutionGuid = {459A9EAE-AF63-4A60-A18D-9767368971D3}
	EndGlobalSection
EndGlobal
